// !$*UTF8*$!
{
	archiveVersion = 1;
	classes = {
	};
	objectVersion = 50;
	objects = {

/* Begin PBXBuildFile section */
		3D300672282B9DE200CAC21F /* AppDelegate.swift in Sources */ = {isa = PBXBuildFile; fileRef = 3D300671282B9DE200CAC21F /* AppDelegate.swift */; };
		3D300674282B9DE300CAC21F /* SceneDelegate.swift in Sources */ = {isa = PBXBuildFile; fileRef = 3D300673282B9DE300CAC21F /* SceneDelegate.swift */; };
		3D300676282B9DE300CAC21F /* ViewController.swift in Sources */ = {isa = PBXBuildFile; fileRef = 3D300675282B9DE300CAC21F /* ViewController.swift */; };
		3D300679282B9DE300CAC21F /* Main.storyboard in Resources */ = {isa = PBXBuildFile; fileRef = 3D300677282B9DE300CAC21F /* Main.storyboard */; };
		3D30067C282B9DE300CAC21F /* CMDActionSheet.xcdatamodeld in Sources */ = {isa = PBXBuildFile; fileRef = 3D30067A282B9DE300CAC21F /* CMDActionSheet.xcdatamodeld */; };
		3D30067E282B9DE500CAC21F /* Assets.xcassets in Resources */ = {isa = PBXBuildFile; fileRef = 3D30067D282B9DE500CAC21F /* Assets.xcassets */; };
		3D300681282B9DE500CAC21F /* LaunchScreen.storyboard in Resources */ = {isa = PBXBuildFile; fileRef = 3D30067F282B9DE500CAC21F /* LaunchScreen.storyboard */; };
		3D300695282BB22100CAC21F /* CMDSearchDelegate.swift in Sources */ = {isa = PBXBuildFile; fileRef = 3D300694282BB22100CAC21F /* CMDSearchDelegate.swift */; };
		3D30069B282BB24F00CAC21F /* CMDTableView.swift in Sources */ = {isa = PBXBuildFile; fileRef = 3D300698282BB24F00CAC21F /* CMDTableView.swift */; };
		3D30069C282BB24F00CAC21F /* CMDTableViewDataSource.swift in Sources */ = {isa = PBXBuildFile; fileRef = 3D300699282BB24F00CAC21F /* CMDTableViewDataSource.swift */; };
		3D30069D282BB24F00CAC21F /* CMDTableViewDelegate.swift in Sources */ = {isa = PBXBuildFile; fileRef = 3D30069A282BB24F00CAC21F /* CMDTableViewDelegate.swift */; };
		3D3006A0282BB29200CAC21F /* CustomMultiDropdown.swift in Sources */ = {isa = PBXBuildFile; fileRef = 3D30069F282BB29200CAC21F /* CustomMultiDropdown.swift */; };
		3D3006A4282BB2E700CAC21F /* Enums.swift in Sources */ = {isa = PBXBuildFile; fileRef = 3D3006A3282BB2E700CAC21F /* Enums.swift */; };
/* End PBXBuildFile section */

/* Begin PBXFileReference section */
		3D30066E282B9DE200CAC21F /* CMDActionSheet.app */ = {isa = PBXFileReference; explicitFileType = wrapper.application; includeInIndex = 0; path = CMDActionSheet.app; sourceTree = BUILT_PRODUCTS_DIR; };
		3D300671282B9DE200CAC21F /* AppDelegate.swift */ = {isa = PBXFileReference; lastKnownFileType = sourcecode.swift; path = AppDelegate.swift; sourceTree = "<group>"; };
		3D300673282B9DE300CAC21F /* SceneDelegate.swift */ = {isa = PBXFileReference; lastKnownFileType = sourcecode.swift; path = SceneDelegate.swift; sourceTree = "<group>"; };
		3D300675282B9DE300CAC21F /* ViewController.swift */ = {isa = PBXFileReference; lastKnownFileType = sourcecode.swift; path = ViewController.swift; sourceTree = "<group>"; };
		3D300678282B9DE300CAC21F /* Base */ = {isa = PBXFileReference; lastKnownFileType = file.storyboard; name = Base; path = Base.lproj/Main.storyboard; sourceTree = "<group>"; };
		3D30067B282B9DE300CAC21F /* CMDActionSheet.xcdatamodel */ = {isa = PBXFileReference; lastKnownFileType = wrapper.xcdatamodel; path = CMDActionSheet.xcdatamodel; sourceTree = "<group>"; };
		3D30067D282B9DE500CAC21F /* Assets.xcassets */ = {isa = PBXFileReference; lastKnownFileType = folder.assetcatalog; path = Assets.xcassets; sourceTree = "<group>"; };
		3D300680282B9DE500CAC21F /* Base */ = {isa = PBXFileReference; lastKnownFileType = file.storyboard; name = Base; path = Base.lproj/LaunchScreen.storyboard; sourceTree = "<group>"; };
		3D300682282B9DE500CAC21F /* Info.plist */ = {isa = PBXFileReference; lastKnownFileType = text.plist.xml; path = Info.plist; sourceTree = "<group>"; };
		3D300694282BB22100CAC21F /* CMDSearchDelegate.swift */ = {isa = PBXFileReference; lastKnownFileType = sourcecode.swift; path = CMDSearchDelegate.swift; sourceTree = "<group>"; };
		3D300698282BB24F00CAC21F /* CMDTableView.swift */ = {isa = PBXFileReference; fileEncoding = 4; lastKnownFileType = sourcecode.swift; path = CMDTableView.swift; sourceTree = "<group>"; };
		3D300699282BB24F00CAC21F /* CMDTableViewDataSource.swift */ = {isa = PBXFileReference; fileEncoding = 4; lastKnownFileType = sourcecode.swift; path = CMDTableViewDataSource.swift; sourceTree = "<group>"; };
		3D30069A282BB24F00CAC21F /* CMDTableViewDelegate.swift */ = {isa = PBXFileReference; fileEncoding = 4; lastKnownFileType = sourcecode.swift; path = CMDTableViewDelegate.swift; sourceTree = "<group>"; };
		3D30069F282BB29200CAC21F /* CustomMultiDropdown.swift */ = {isa = PBXFileReference; lastKnownFileType = sourcecode.swift; path = CustomMultiDropdown.swift; sourceTree = "<group>"; };
		3D3006A3282BB2E700CAC21F /* Enums.swift */ = {isa = PBXFileReference; lastKnownFileType = sourcecode.swift; path = Enums.swift; sourceTree = "<group>"; };
/* End PBXFileReference section */

/* Begin PBXFrameworksBuildPhase section */
		3D30066B282B9DE200CAC21F /* Frameworks */ = {
			isa = PBXFrameworksBuildPhase;
			buildActionMask = 2147483647;
			files = (
			);
			runOnlyForDeploymentPostprocessing = 0;
		};
/* End PBXFrameworksBuildPhase section */

/* Begin PBXGroup section */
		3D300665282B9DE200CAC21F = {
			isa = PBXGroup;
			children = (
				3D300670282B9DE200CAC21F /* CMDActionSheet */,
				3D30066F282B9DE200CAC21F /* Products */,
			);
			sourceTree = "<group>";
		};
		3D30066F282B9DE200CAC21F /* Products */ = {
			isa = PBXGroup;
			children = (
				3D30066E282B9DE200CAC21F /* CMDActionSheet.app */,
			);
			name = Products;
			sourceTree = "<group>";
		};
		3D300670282B9DE200CAC21F /* CMDActionSheet */ = {
			isa = PBXGroup;
			children = (
				3D300693282BB1F100CAC21F /* Utilities */,
				3D30068B282BB16D00CAC21F /* Delegate */,
				3D300690282BB1BA00CAC21F /* CustomMultiDropDown */,
				3D30068A282BB16300CAC21F /* Controller */,
				3D300689282BB15C00CAC21F /* View */,
				3D30068D282BB17C00CAC21F /* Resource */,
				3D30068E282BB19B00CAC21F /* InfoPlist */,
				3D30068F282BB1A900CAC21F /* CoreData */,
			);
			path = CMDActionSheet;
			sourceTree = "<group>";
		};
		3D300689282BB15C00CAC21F /* View */ = {
			isa = PBXGroup;
			children = (
				3D30067F282B9DE500CAC21F /* LaunchScreen.storyboard */,
				3D300677282B9DE300CAC21F /* Main.storyboard */,
			);
			path = View;
			sourceTree = "<group>";
		};
		3D30068A282BB16300CAC21F /* Controller */ = {
			isa = PBXGroup;
			children = (
				3D300675282B9DE300CAC21F /* ViewController.swift */,
			);
			path = Controller;
			sourceTree = "<group>";
		};
		3D30068B282BB16D00CAC21F /* Delegate */ = {
			isa = PBXGroup;
			children = (
				3D300671282B9DE200CAC21F /* AppDelegate.swift */,
				3D300673282B9DE300CAC21F /* SceneDelegate.swift */,
			);
			path = Delegate;
			sourceTree = "<group>";
		};
		3D30068D282BB17C00CAC21F /* Resource */ = {
			isa = PBXGroup;
			children = (
				3D30067D282B9DE500CAC21F /* Assets.xcassets */,
			);
			path = Resource;
			sourceTree = "<group>";
		};
		3D30068E282BB19B00CAC21F /* InfoPlist */ = {
			isa = PBXGroup;
			children = (
				3D300682282B9DE500CAC21F /* Info.plist */,
			);
			path = InfoPlist;
			sourceTree = "<group>";
		};
		3D30068F282BB1A900CAC21F /* CoreData */ = {
			isa = PBXGroup;
			children = (
				3D30067A282B9DE300CAC21F /* CMDActionSheet.xcdatamodeld */,
			);
			path = CoreData;
			sourceTree = "<group>";
		};
		3D300690282BB1BA00CAC21F /* CustomMultiDropDown */ = {
			isa = PBXGroup;
			children = (
				3D300692282BB1E100CAC21F /* TableViewData */,
				3D300691282BB1D800CAC21F /* SearchData */,
				3D3006A6282BB31B00CAC21F /* MultiDropDown */,
			);
			path = CustomMultiDropDown;
			sourceTree = "<group>";
		};
		3D300691282BB1D800CAC21F /* SearchData */ = {
			isa = PBXGroup;
			children = (
				3D300694282BB22100CAC21F /* CMDSearchDelegate.swift */,
			);
			path = SearchData;
			sourceTree = "<group>";
		};
		3D300692282BB1E100CAC21F /* TableViewData */ = {
			isa = PBXGroup;
			children = (
				3D300698282BB24F00CAC21F /* CMDTableView.swift */,
				3D300699282BB24F00CAC21F /* CMDTableViewDataSource.swift */,
				3D30069A282BB24F00CAC21F /* CMDTableViewDelegate.swift */,
			);
			path = TableViewData;
			sourceTree = "<group>";
		};
		3D300693282BB1F100CAC21F /* Utilities */ = {
			isa = PBXGroup;
			children = (
				3D3006A3282BB2E700CAC21F /* Enums.swift */,
			);
			path = Utilities;
			sourceTree = "<group>";
		};
		3D3006A6282BB31B00CAC21F /* MultiDropDown */ = {
			isa = PBXGroup;
			children = (
				3D30069F282BB29200CAC21F /* CustomMultiDropdown.swift */,
			);
			path = MultiDropDown;
			sourceTree = "<group>";
		};
/* End PBXGroup section */

/* Begin PBXNativeTarget section */
		3D30066D282B9DE200CAC21F /* CMDActionSheet */ = {
			isa = PBXNativeTarget;
			buildConfigurationList = 3D300685282B9DE500CAC21F /* Build configuration list for PBXNativeTarget "CMDActionSheet" */;
			buildPhases = (
				3D30066A282B9DE200CAC21F /* Sources */,
				3D30066B282B9DE200CAC21F /* Frameworks */,
				3D30066C282B9DE200CAC21F /* Resources */,
			);
			buildRules = (
			);
			dependencies = (
			);
			name = CMDActionSheet;
			productName = CMDActionSheet;
			productReference = 3D30066E282B9DE200CAC21F /* CMDActionSheet.app */;
			productType = "com.apple.product-type.application";
		};
/* End PBXNativeTarget section */

/* Begin PBXProject section */
		3D300666282B9DE200CAC21F /* Project object */ = {
			isa = PBXProject;
			attributes = {
				LastSwiftUpdateCheck = 1230;
				LastUpgradeCheck = 1230;
				TargetAttributes = {
					3D30066D282B9DE200CAC21F = {
						CreatedOnToolsVersion = 12.3;
					};
				};
			};
			buildConfigurationList = 3D300669282B9DE200CAC21F /* Build configuration list for PBXProject "CMDActionSheet" */;
			compatibilityVersion = "Xcode 9.3";
			developmentRegion = en;
			hasScannedForEncodings = 0;
			knownRegions = (
				en,
				Base,
			);
			mainGroup = 3D300665282B9DE200CAC21F;
			productRefGroup = 3D30066F282B9DE200CAC21F /* Products */;
			projectDirPath = "";
			projectRoot = "";
			targets = (
				3D30066D282B9DE200CAC21F /* CMDActionSheet */,
			);
		};
/* End PBXProject section */

/* Begin PBXResourcesBuildPhase section */
		3D30066C282B9DE200CAC21F /* Resources */ = {
			isa = PBXResourcesBuildPhase;
			buildActionMask = 2147483647;
			files = (
				3D300681282B9DE500CAC21F /* LaunchScreen.storyboard in Resources */,
				3D30067E282B9DE500CAC21F /* Assets.xcassets in Resources */,
				3D300679282B9DE300CAC21F /* Main.storyboard in Resources */,
			);
			runOnlyForDeploymentPostprocessing = 0;
		};
/* End PBXResourcesBuildPhase section */

/* Begin PBXSourcesBuildPhase section */
		3D30066A282B9DE200CAC21F /* Sources */ = {
			isa = PBXSourcesBuildPhase;
			buildActionMask = 2147483647;
			files = (
				3D300676282B9DE300CAC21F /* ViewController.swift in Sources */,
				3D300672282B9DE200CAC21F /* AppDelegate.swift in Sources */,
				3D3006A4282BB2E700CAC21F /* Enums.swift in Sources */,
				3D30069B282BB24F00CAC21F /* CMDTableView.swift in Sources */,
				3D30067C282B9DE300CAC21F /* CMDActionSheet.xcdatamodeld in Sources */,
				3D300695282BB22100CAC21F /* CMDSearchDelegate.swift in Sources */,
				3D3006A0282BB29200CAC21F /* CustomMultiDropdown.swift in Sources */,
				3D300674282B9DE300CAC21F /* SceneDelegate.swift in Sources */,
				3D30069C282BB24F00CAC21F /* CMDTableViewDataSource.swift in Sources */,
				3D30069D282BB24F00CAC21F /* CMDTableViewDelegate.swift in Sources */,
			);
			runOnlyForDeploymentPostprocessing = 0;
		};
/* End PBXSourcesBuildPhase section */

/* Begin PBXVariantGroup section */
		3D300677282B9DE300CAC21F /* Main.storyboard */ = {
			isa = PBXVariantGroup;
			children = (
				3D300678282B9DE300CAC21F /* Base */,
			);
			name = Main.storyboard;
			sourceTree = "<group>";
		};
		3D30067F282B9DE500CAC21F /* LaunchScreen.storyboard */ = {
			isa = PBXVariantGroup;
			children = (
				3D300680282B9DE500CAC21F /* Base */,
			);
			name = LaunchScreen.storyboard;
			sourceTree = "<group>";
		};
/* End PBXVariantGroup section */

/* Begin XCBuildConfiguration section */
		3D300683282B9DE500CAC21F /* Debug */ = {
			isa = XCBuildConfiguration;
			buildSettings = {
				ALWAYS_SEARCH_USER_PATHS = NO;
				CLANG_ANALYZER_NONNULL = YES;
				CLANG_ANALYZER_NUMBER_OBJECT_CONVERSION = YES_AGGRESSIVE;
				CLANG_CXX_LANGUAGE_STANDARD = "gnu++14";
				CLANG_CXX_LIBRARY = "libc++";
				CLANG_ENABLE_MODULES = YES;
				CLANG_ENABLE_OBJC_ARC = YES;
				CLANG_ENABLE_OBJC_WEAK = YES;
				CLANG_WARN_BLOCK_CAPTURE_AUTORELEASING = YES;
				CLANG_WARN_BOOL_CONVERSION = YES;
				CLANG_WARN_COMMA = YES;
				CLANG_WARN_CONSTANT_CONVERSION = YES;
				CLANG_WARN_DEPRECATED_OBJC_IMPLEMENTATIONS = YES;
				CLANG_WARN_DIRECT_OBJC_ISA_USAGE = YES_ERROR;
				CLANG_WARN_DOCUMENTATION_COMMENTS = YES;
				CLANG_WARN_EMPTY_BODY = YES;
				CLANG_WARN_ENUM_CONVERSION = YES;
				CLANG_WARN_INFINITE_RECURSION = YES;
				CLANG_WARN_INT_CONVERSION = YES;
				CLANG_WARN_NON_LITERAL_NULL_CONVERSION = YES;
				CLANG_WARN_OBJC_IMPLICIT_RETAIN_SELF = YES;
				CLANG_WARN_OBJC_LITERAL_CONVERSION = YES;
				CLANG_WARN_OBJC_ROOT_CLASS = YES_ERROR;
				CLANG_WARN_QUOTED_INCLUDE_IN_FRAMEWORK_HEADER = YES;
				CLANG_WARN_RANGE_LOOP_ANALYSIS = YES;
				CLANG_WARN_STRICT_PROTOTYPES = YES;
				CLANG_WARN_SUSPICIOUS_MOVE = YES;
				CLANG_WARN_UNGUARDED_AVAILABILITY = YES_AGGRESSIVE;
				CLANG_WARN_UNREACHABLE_CODE = YES;
				CLANG_WARN__DUPLICATE_METHOD_MATCH = YES;
				COPY_PHASE_STRIP = NO;
				DEBUG_INFORMATION_FORMAT = dwarf;
				ENABLE_STRICT_OBJC_MSGSEND = YES;
				ENABLE_TESTABILITY = YES;
				GCC_C_LANGUAGE_STANDARD = gnu11;
				GCC_DYNAMIC_NO_PIC = NO;
				GCC_NO_COMMON_BLOCKS = YES;
				GCC_OPTIMIZATION_LEVEL = 0;
				GCC_PREPROCESSOR_DEFINITIONS = (
					"DEBUG=1",
					"$(inherited)",
				);
				GCC_WARN_64_TO_32_BIT_CONVERSION = YES;
				GCC_WARN_ABOUT_RETURN_TYPE = YES_ERROR;
				GCC_WARN_UNDECLARED_SELECTOR = YES;
				GCC_WARN_UNINITIALIZED_AUTOS = YES_AGGRESSIVE;
				GCC_WARN_UNUSED_FUNCTION = YES;
				GCC_WARN_UNUSED_VARIABLE = YES;
				IPHONEOS_DEPLOYMENT_TARGET = 14.3;
				MTL_ENABLE_DEBUG_INFO = INCLUDE_SOURCE;
				MTL_FAST_MATH = YES;
				ONLY_ACTIVE_ARCH = YES;
				SDKROOT = iphoneos;
				SWIFT_ACTIVE_COMPILATION_CONDITIONS = DEBUG;
				SWIFT_OPTIMIZATION_LEVEL = "-Onone";
			};
			name = Debug;
		};
		3D300684282B9DE500CAC21F /* Release */ = {
			isa = XCBuildConfiguration;
			buildSettings = {
				ALWAYS_SEARCH_USER_PATHS = NO;
				CLANG_ANALYZER_NONNULL = YES;
				CLANG_ANALYZER_NUMBER_OBJECT_CONVERSION = YES_AGGRESSIVE;
				CLANG_CXX_LANGUAGE_STANDARD = "gnu++14";
				CLANG_CXX_LIBRARY = "libc++";
				CLANG_ENABLE_MODULES = YES;
				CLANG_ENABLE_OBJC_ARC = YES;
				CLANG_ENABLE_OBJC_WEAK = YES;
				CLANG_WARN_BLOCK_CAPTURE_AUTORELEASING = YES;
				CLANG_WARN_BOOL_CONVERSION = YES;
				CLANG_WARN_COMMA = YES;
				CLANG_WARN_CONSTANT_CONVERSION = YES;
				CLANG_WARN_DEPRECATED_OBJC_IMPLEMENTATIONS = YES;
				CLANG_WARN_DIRECT_OBJC_ISA_USAGE = YES_ERROR;
				CLANG_WARN_DOCUMENTATION_COMMENTS = YES;
				CLANG_WARN_EMPTY_BODY = YES;
				CLANG_WARN_ENUM_CONVERSION = YES;
				CLANG_WARN_INFINITE_RECURSION = YES;
				CLANG_WARN_INT_CONVERSION = YES;
				CLANG_WARN_NON_LITERAL_NULL_CONVERSION = YES;
				CLANG_WARN_OBJC_IMPLICIT_RETAIN_SELF = YES;
				CLANG_WARN_OBJC_LITERAL_CONVERSION = YES;
				CLANG_WARN_OBJC_ROOT_CLASS = YES_ERROR;
				CLANG_WARN_QUOTED_INCLUDE_IN_FRAMEWORK_HEADER = YES;
				CLANG_WARN_RANGE_LOOP_ANALYSIS = YES;
				CLANG_WARN_STRICT_PROTOTYPES = YES;
				CLANG_WARN_SUSPICIOUS_MOVE = YES;
				CLANG_WARN_UNGUARDED_AVAILABILITY = YES_AGGRESSIVE;
				CLANG_WARN_UNREACHABLE_CODE = YES;
				CLANG_WARN__DUPLICATE_METHOD_MATCH = YES;
				COPY_PHASE_STRIP = NO;
				DEBUG_INFORMATION_FORMAT = "dwarf-with-dsym";
				ENABLE_NS_ASSERTIONS = NO;
				ENABLE_STRICT_OBJC_MSGSEND = YES;
				GCC_C_LANGUAGE_STANDARD = gnu11;
				GCC_NO_COMMON_BLOCKS = YES;
				GCC_WARN_64_TO_32_BIT_CONVERSION = YES;
				GCC_WARN_ABOUT_RETURN_TYPE = YES_ERROR;
				GCC_WARN_UNDECLARED_SELECTOR = YES;
				GCC_WARN_UNINITIALIZED_AUTOS = YES_AGGRESSIVE;
				GCC_WARN_UNUSED_FUNCTION = YES;
				GCC_WARN_UNUSED_VARIABLE = YES;
				IPHONEOS_DEPLOYMENT_TARGET = 14.3;
				MTL_ENABLE_DEBUG_INFO = NO;
				MTL_FAST_MATH = YES;
				SDKROOT = iphoneos;
				SWIFT_COMPILATION_MODE = wholemodule;
				SWIFT_OPTIMIZATION_LEVEL = "-O";
				VALIDATE_PRODUCT = YES;
			};
			name = Release;
		};
		3D300686282B9DE500CAC21F /* Debug */ = {
			isa = XCBuildConfiguration;
			buildSettings = {
				ASSETCATALOG_COMPILER_APPICON_NAME = AppIcon;
				ASSETCATALOG_COMPILER_GLOBAL_ACCENT_COLOR_NAME = AccentColor;
				CODE_SIGN_STYLE = Automatic;
				INFOPLIST_FILE = CMDActionSheet/Info.plist;
				LD_RUNPATH_SEARCH_PATHS = (
					"$(inherited)",
					"@executable_path/Frameworks",
				);
				PRODUCT_BUNDLE_IDENTIFIER = com.cmdactionsheet.CMDActionSheet;
				PRODUCT_NAME = "$(TARGET_NAME)";
				SWIFT_VERSION = 5.0;
				TARGETED_DEVICE_FAMILY = "1,2";
			};
			name = Debug;
		};
		3D300687282B9DE500CAC21F /* Release */ = {
			isa = XCBuildConfiguration;
			buildSettings = {
				ASSETCATALOG_COMPILER_APPICON_NAME = AppIcon;
				ASSETCATALOG_COMPILER_GLOBAL_ACCENT_COLOR_NAME = AccentColor;
				CODE_SIGN_STYLE = Automatic;
				INFOPLIST_FILE = CMDActionSheet/Info.plist;
				LD_RUNPATH_SEARCH_PATHS = (
					"$(inherited)",
					"@executable_path/Frameworks",
				);
				PRODUCT_BUNDLE_IDENTIFIER = com.cmdactionsheet.CMDActionSheet;
				PRODUCT_NAME = "$(TARGET_NAME)";
				SWIFT_VERSION = 5.0;
				TARGETED_DEVICE_FAMILY = "1,2";
			};
			name = Release;
		};
/* End XCBuildConfiguration section */

/* Begin XCConfigurationList section */
		3D300669282B9DE200CAC21F /* Build configuration list for PBXProject "CMDActionSheet" */ = {
			isa = XCConfigurationList;
			buildConfigurations = (
				3D300683282B9DE500CAC21F /* Debug */,
				3D300684282B9DE500CAC21F /* Release */,
			);
			defaultConfigurationIsVisible = 0;
			defaultConfigurationName = Release;
		};
		3D300685282B9DE500CAC21F /* Build configuration list for PBXNativeTarget "CMDActionSheet" */ = {
			isa = XCConfigurationList;
			buildConfigurations = (
				3D300686282B9DE500CAC21F /* Debug */,
				3D300687282B9DE500CAC21F /* Release */,
			);
			defaultConfigurationIsVisible = 0;
			defaultConfigurationName = Release;
		};
/* End XCConfigurationList section */

/* Begin XCVersionGroup section */
		3D30067A282B9DE300CAC21F /* CMDActionSheet.xcdatamodeld */ = {
			isa = XCVersionGroup;
			children = (
				3D30067B282B9DE300CAC21F /* CMDActionSheet.xcdatamodel */,
			);
			currentVersion = 3D30067B282B9DE300CAC21F /* CMDActionSheet.xcdatamodel */;
			path = CMDActionSheet.xcdatamodeld;
			sourceTree = "<group>";
			versionGroupType = wrapper.xcdatamodel;
		};
/* End XCVersionGroup section */
	};
	rootObject = 3D300666282B9DE200CAC21F /* Project object */;
}
